
Microsoft Visual Studio Solution File, Format Version 12.00
# Visual Studio Version 17
VisualStudioVersion = 17.13.35919.96 d17.13
MinimumVisualStudioVersion = 10.0.40219.1
Project("{FAE04EC0-301F-11D3-BF4B-00C04F79EFBC}") = "WebAppSenac", "WebAppSenac\WebAppSenac.csproj", "{9AC4CAE4-8379-487C-8491-4846B01AD5FC}"
EndProject
Global
	GlobalSection(SolutionConfigurationPlatforms) = preSolution
		Debug|Any CPU = Debug|Any CPU
		Release|Any CPU = Release|Any CPU
	EndGlobalSection
	GlobalSection(ProjectConfigurationPlatforms) = postSolution
		{9AC4CAE4-8379-487C-8491-4846B01AD5FC}.Debug|Any CPU.ActiveCfg = Debug|Any CPU
		{9AC4CAE4-8379-487C-8491-4846B01AD5FC}.Debug|Any CPU.Build.0 = Debug|Any CPU
		{9AC4CAE4-8379-487C-8491-4846B01AD5FC}.Release|Any CPU.ActiveCfg = Release|Any CPU
		{9AC4CAE4-8379-487C-8491-4846B01AD5FC}.Release|Any CPU.Build.0 = Release|Any CPU
	EndGlobalSection
	GlobalSection(SolutionProperties) = preSolution
		HideSolutionNode = FALSE
	EndGlobalSection
	GlobalSection(ExtensibilityGlobals) = postSolution
		SolutionGuid = {B5B81F4C-349F-40D2-9824-7F4A408F46E7}
	EndGlobalSection
EndGlobal
